github.com/acobaugh/osrelease v0.0.0-20181218015638-a93a0a55a249 h1:fMi9ZZ/it4orHj3xWrM6cLkVFcCbkXQALFUiNtHtCPs=
github.com/acobaugh/osrelease v0.0.0-20181218015638-a93a0a55a249/go.mod h1:iU1PxQMQwoHZZWmMKrMkrNlY+3+p9vxIjpZOVyxWa0g=
github.com/cobaugh/osrelease v0.0.0-20211111170140-20e410975bc3 h1:m3vosBF/nARdCKiUdsxghSHCArvyEZhjtwewqqIQVZk=
github.com/cobaugh/osrelease v0.0.0-20211111170140-20e410975bc3/go.mod h1:EHKW9yNEYSBpTKzuu7Y9oOrft/UlzH57rMIB03oev6M=
github.com/ttacon/chalk v0.0.0-20160626202418-22c06c80ed31 h1:OXcKh35JaYsGMRzpvFkLv/MEyPuL49CThT1pZ8aSml4=
github.com/ttacon/chalk v0.0.0-20160626202418-22c06c80ed31/go.mod h1:onvgF043R+lC5RZ8IT9rBXDaEDnpnw/Cl+HFiw+v/7Q=
